
Microsoft Visual Studio Solution File, Format Version 12.00
# Visual Studio 14
VisualStudioVersion = 14.0.23107.0
MinimumVisualStudioVersion = 10.0.40219.1
Project("{FAE04EC0-301F-11D3-BF4B-00C04F79EFBC}") = "SiteWebCV", "SiteWebCV\SiteWebCV.csproj", "{188959FD-0F03-4FB0-A2F6-F9A297455CD8}"
EndProject
Project("{FAE04EC0-301F-11D3-BF4B-00C04F79EFBC}") = "Framework", "..\..\Framework\Framework\Framework\Framework.csproj", "{FDE911BA-EC00-4BB8-A043-9C13A87E0B02}"
EndProject
Global
	GlobalSection(SolutionConfigurationPlatforms) = preSolution
		Debug|Any CPU = Debug|Any CPU
		Release|Any CPU = Release|Any CPU
	EndGlobalSection
	GlobalSection(ProjectConfigurationPlatforms) = postSolution
		{188959FD-0F03-4FB0-A2F6-F9A297455CD8}.Debug|Any CPU.ActiveCfg = Debug|Any CPU
		{188959FD-0F03-4FB0-A2F6-F9A297455CD8}.Debug|Any CPU.Build.0 = Debug|Any CPU
		{188959FD-0F03-4FB0-A2F6-F9A297455CD8}.Release|Any CPU.ActiveCfg = Release|Any CPU
		{188959FD-0F03-4FB0-A2F6-F9A297455CD8}.Release|Any CPU.Build.0 = Release|Any CPU
		{FDE911BA-EC00-4BB8-A043-9C13A87E0B02}.Debug|Any CPU.ActiveCfg = Debug|Any CPU
		{FDE911BA-EC00-4BB8-A043-9C13A87E0B02}.Debug|Any CPU.Build.0 = Debug|Any CPU
		{FDE911BA-EC00-4BB8-A043-9C13A87E0B02}.Release|Any CPU.ActiveCfg = Release|Any CPU
		{FDE911BA-EC00-4BB8-A043-9C13A87E0B02}.Release|Any CPU.Build.0 = Release|Any CPU
	EndGlobalSection
	GlobalSection(SolutionProperties) = preSolution
		HideSolutionNode = FALSE
	EndGlobalSection
EndGlobal
